
Microsoft Visual Studio Solution File, Format Version 12.00
# Visual Studio Version 16
VisualStudioVersion = 16.0.30804.86
MinimumVisualStudioVersion = 10.0.40219.1
Project("{FAE04EC0-301F-11D3-BF4B-00C04F79EFBC}") = "WinCosmos", "WinCosmos\WinCosmos.csproj", "{C2FFBFC1-4242-4F78-BE1B-DC853A8C17B2}"
EndProject
Project("{FAE04EC0-301F-11D3-BF4B-00C04F79EFBC}") = "TestApp", "TestApp\TestApp.csproj", "{5CBCC2A3-DCA9-4032-ADFE-F21DBADAC5B4}"
EndProject
Global
	GlobalSection(SolutionConfigurationPlatforms) = preSolution
		Debug|Any CPU = Debug|Any CPU
		Release|Any CPU = Release|Any CPU
	EndGlobalSection
	GlobalSection(ProjectConfigurationPlatforms) = postSolution
		{C2FFBFC1-4242-4F78-BE1B-DC853A8C17B2}.Debug|Any CPU.ActiveCfg = Debug|Any CPU
		{C2FFBFC1-4242-4F78-BE1B-DC853A8C17B2}.Debug|Any CPU.Build.0 = Debug|Any CPU
		{C2FFBFC1-4242-4F78-BE1B-DC853A8C17B2}.Release|Any CPU.ActiveCfg = Release|Any CPU
		{C2FFBFC1-4242-4F78-BE1B-DC853A8C17B2}.Release|Any CPU.Build.0 = Release|Any CPU
		{5CBCC2A3-DCA9-4032-ADFE-F21DBADAC5B4}.Debug|Any CPU.ActiveCfg = Debug|Any CPU
		{5CBCC2A3-DCA9-4032-ADFE-F21DBADAC5B4}.Debug|Any CPU.Build.0 = Debug|Any CPU
		{5CBCC2A3-DCA9-4032-ADFE-F21DBADAC5B4}.Release|Any CPU.ActiveCfg = Release|Any CPU
		{5CBCC2A3-DCA9-4032-ADFE-F21DBADAC5B4}.Release|Any CPU.Build.0 = Release|Any CPU
	EndGlobalSection
	GlobalSection(SolutionProperties) = preSolution
		HideSolutionNode = FALSE
	EndGlobalSection
	GlobalSection(ExtensibilityGlobals) = postSolution
		SolutionGuid = {7C165B07-139F-4EA6-888B-ED73C93ADFCC}
	EndGlobalSection
EndGlobal
